
Microsoft Visual Studio Solution File, Format Version 12.00
# Visual Studio Version 17
VisualStudioVersion = 17.4.33213.308
MinimumVisualStudioVersion = 10.0.40219.1
Project("{FAE04EC0-301F-11D3-BF4B-00C04F79EFBC}") = "GiraffeTwo", "GiraffeTwo\GiraffeTwo.csproj", "{13019787-EFCB-41CC-A2DE-44EC1478AEC9}"
EndProject
Global
	GlobalSection(SolutionConfigurationPlatforms) = preSolution
		Debug|Any CPU = Debug|Any CPU
		Release|Any CPU = Release|Any CPU
	EndGlobalSection
	GlobalSection(ProjectConfigurationPlatforms) = postSolution
		{13019787-EFCB-41CC-A2DE-44EC1478AEC9}.Debug|Any CPU.ActiveCfg = Debug|Any CPU
		{13019787-EFCB-41CC-A2DE-44EC1478AEC9}.Debug|Any CPU.Build.0 = Debug|Any CPU
		{13019787-EFCB-41CC-A2DE-44EC1478AEC9}.Release|Any CPU.ActiveCfg = Release|Any CPU
		{13019787-EFCB-41CC-A2DE-44EC1478AEC9}.Release|Any CPU.Build.0 = Release|Any CPU
	EndGlobalSection
	GlobalSection(SolutionProperties) = preSolution
		HideSolutionNode = FALSE
	EndGlobalSection
	GlobalSection(ExtensibilityGlobals) = postSolution
		SolutionGuid = {FAEDEC0D-FD38-464D-85F2-CB4CD6BD77C6}
	EndGlobalSection
EndGlobal
